{
  "name": "@validate/inputs",
  "version": "0.1.1",
  "lockfileVersion": 1,
  "requires": true,
  "dependencies": {
    "@case/utils": {
      "version": "0.1.1",
      "resolved": "https://registry.npmjs.org/@case/utils/-/utils-0.1.1.tgz",
      "integrity": "sha512-icTJuT68D3owp6A3F0LNC2OYlsKMiZtNxSiycIIYpsCVfmByulqjOrA3ASrX80V7dKwzaLBlmyPYFS0cQmoBKQ=="
    },
    "@keyboard/keys": {
      "version": "0.1.1",
      "resolved": "https://registry.npmjs.org/@keyboard/keys/-/keys-0.1.1.tgz",
      "integrity": "sha512-Ln8KZUcy6HjAsbCNfpCtI9RI5fug2fE5d0f0UctcDXBz2bYyeCKxzY/pNb7RlhylEDFauulQoIKhdqP0qr6sWw=="
    }
  }
}
