{
	"requires": true,
	"lockfileVersion": 1,
	"dependencies": {
		"chroma-js": {
			"version": "2.0.3",
			"resolved": "https://registry.npmjs.org/chroma-js/-/chroma-js-2.0.3.tgz",
			"integrity": "sha512-2kTvZZOFSV1O81/rm99t9vmkh9jQxsHqsRRoZevDVz/VCC3yKMyPuMK8M5yHG+UMg2tV6cRoqtZtgcD92udcBw=="
		}
	}
}
